
Microsoft Visual Studio Solution File, Format Version 12.00
# Visual Studio Version 17
VisualStudioVersion = 17.3.32922.545
MinimumVisualStudioVersion = 10.0.40219.1
Project("{FAE04EC0-301F-11D3-BF4B-00C04F79EFBC}") = "QuartosAlugar", "QuartosAlugar\QuartosAlugar.csproj", "{2F6441C1-2FF1-4DB4-9A30-83035522D2E8}"
EndProject
Global
	GlobalSection(SolutionConfigurationPlatforms) = preSolution
		Debug|Any CPU = Debug|Any CPU
		Release|Any CPU = Release|Any CPU
	EndGlobalSection
	GlobalSection(ProjectConfigurationPlatforms) = postSolution
		{2F6441C1-2FF1-4DB4-9A30-83035522D2E8}.Debug|Any CPU.ActiveCfg = Debug|Any CPU
		{2F6441C1-2FF1-4DB4-9A30-83035522D2E8}.Debug|Any CPU.Build.0 = Debug|Any CPU
		{2F6441C1-2FF1-4DB4-9A30-83035522D2E8}.Release|Any CPU.ActiveCfg = Release|Any CPU
		{2F6441C1-2FF1-4DB4-9A30-83035522D2E8}.Release|Any CPU.Build.0 = Release|Any CPU
	EndGlobalSection
	GlobalSection(SolutionProperties) = preSolution
		HideSolutionNode = FALSE
	EndGlobalSection
	GlobalSection(ExtensibilityGlobals) = postSolution
		SolutionGuid = {F33C57A0-1557-4248-A192-FB3419F159F7}
	EndGlobalSection
EndGlobal
