
Microsoft Visual Studio Solution File, Format Version 12.00
# Visual Studio Version 17
VisualStudioVersion = 17.3.32922.545
MinimumVisualStudioVersion = 10.0.40219.1
Project("{FAE04EC0-301F-11D3-BF4B-00C04F79EFBC}") = "CourseContribuintes", "CourseContribuintes\CourseContribuintes.csproj", "{BF7419B0-5A02-4A41-8299-4318792C25D7}"
EndProject
Global
	GlobalSection(SolutionConfigurationPlatforms) = preSolution
		Debug|Any CPU = Debug|Any CPU
		Release|Any CPU = Release|Any CPU
	EndGlobalSection
	GlobalSection(ProjectConfigurationPlatforms) = postSolution
		{BF7419B0-5A02-4A41-8299-4318792C25D7}.Debug|Any CPU.ActiveCfg = Debug|Any CPU
		{BF7419B0-5A02-4A41-8299-4318792C25D7}.Debug|Any CPU.Build.0 = Debug|Any CPU
		{BF7419B0-5A02-4A41-8299-4318792C25D7}.Release|Any CPU.ActiveCfg = Release|Any CPU
		{BF7419B0-5A02-4A41-8299-4318792C25D7}.Release|Any CPU.Build.0 = Release|Any CPU
	EndGlobalSection
	GlobalSection(SolutionProperties) = preSolution
		HideSolutionNode = FALSE
	EndGlobalSection
	GlobalSection(ExtensibilityGlobals) = postSolution
		SolutionGuid = {AD5AB437-2550-44CC-AD28-69C3669B559F}
	EndGlobalSection
EndGlobal
